// !$*UTF8*$!
{
	archiveVersion = 1;
	classes = {
	};
	objectVersion = 46;
	objects = {

/* Begin PBXBuildFile section */
		DD9CC6221B6117720002BDEF /* AppDelegate.swift in Sources */ = {isa = PBXBuildFile; fileRef = DD9CC6211B6117720002BDEF /* AppDelegate.swift */; };
		DD9CC6241B6117720002BDEF /* ViewController.swift in Sources */ = {isa = PBXBuildFile; fileRef = DD9CC6231B6117720002BDEF /* ViewController.swift */; };
		DD9CC6271B6117720002BDEF /* Main.storyboard in Resources */ = {isa = PBXBuildFile; fileRef = DD9CC6251B6117720002BDEF /* Main.storyboard */; };
		DD9CC6291B6117720002BDEF /* Images.xcassets in Resources */ = {isa = PBXBuildFile; fileRef = DD9CC6281B6117720002BDEF /* Images.xcassets */; };
		DD9CC62C1B6117720002BDEF /* LaunchScreen.xib in Resources */ = {isa = PBXBuildFile; fileRef = DD9CC62A1B6117720002BDEF /* LaunchScreen.xib */; };
		DD9CC6381B6117720002BDEF /* LMRefreshTests.swift in Sources */ = {isa = PBXBuildFile; fileRef = DD9CC6371B6117720002BDEF /* LMRefreshTests.swift */; };
		DD9CC6471B6118B00002BDEF /* LMRefreshHeader.swift in Sources */ = {isa = PBXBuildFile; fileRef = DD9CC6461B6118B00002BDEF /* LMRefreshHeader.swift */; };
		DD9CC6491B6118C70002BDEF /* LMRefreshFooter.swift in Sources */ = {isa = PBXBuildFile; fileRef = DD9CC6481B6118C70002BDEF /* LMRefreshFooter.swift */; };
		DDCDECAD1B67AEB80034880B /* down@2x.png in Resources */ = {isa = PBXBuildFile; fileRef = DDCDECAC1B67AEB80034880B /* down@2x.png */; };
/* End PBXBuildFile section */

/* Begin PBXContainerItemProxy section */
		DD9CC6321B6117720002BDEF /* PBXContainerItemProxy */ = {
			isa = PBXContainerItemProxy;
			containerPortal = DD9CC6141B6117720002BDEF /* Project object */;
			proxyType = 1;
			remoteGlobalIDString = DD9CC61B1B6117720002BDEF;
			remoteInfo = LMRefresh;
		};
/* End PBXContainerItemProxy section */

/* Begin PBXFileReference section */
		DD9CC61C1B6117720002BDEF /* LMRefresh.app */ = {isa = PBXFileReference; explicitFileType = wrapper.application; includeInIndex = 0; path = LMRefresh.app; sourceTree = BUILT_PRODUCTS_DIR; };
		DD9CC6201B6117720002BDEF /* Info.plist */ = {isa = PBXFileReference; lastKnownFileType = text.plist.xml; path = Info.plist; sourceTree = "<group>"; };
		DD9CC6211B6117720002BDEF /* AppDelegate.swift */ = {isa = PBXFileReference; lastKnownFileType = sourcecode.swift; path = AppDelegate.swift; sourceTree = "<group>"; };
		DD9CC6231B6117720002BDEF /* ViewController.swift */ = {isa = PBXFileReference; lastKnownFileType = sourcecode.swift; path = ViewController.swift; sourceTree = "<group>"; };
		DD9CC6261B6117720002BDEF /* Base */ = {isa = PBXFileReference; lastKnownFileType = file.storyboard; name = Base; path = Base.lproj/Main.storyboard; sourceTree = "<group>"; };
		DD9CC6281B6117720002BDEF /* Images.xcassets */ = {isa = PBXFileReference; lastKnownFileType = folder.assetcatalog; path = Images.xcassets; sourceTree = "<group>"; };
		DD9CC62B1B6117720002BDEF /* Base */ = {isa = PBXFileReference; lastKnownFileType = file.xib; name = Base; path = Base.lproj/LaunchScreen.xib; sourceTree = "<group>"; };
		DD9CC6311B6117720002BDEF /* LMRefreshTests.xctest */ = {isa = PBXFileReference; explicitFileType = wrapper.cfbundle; includeInIndex = 0; path = LMRefreshTests.xctest; sourceTree = BUILT_PRODUCTS_DIR; };
		DD9CC6361B6117720002BDEF /* Info.plist */ = {isa = PBXFileReference; lastKnownFileType = text.plist.xml; path = Info.plist; sourceTree = "<group>"; };
		DD9CC6371B6117720002BDEF /* LMRefreshTests.swift */ = {isa = PBXFileReference; lastKnownFileType = sourcecode.swift; path = LMRefreshTests.swift; sourceTree = "<group>"; };
		DD9CC6461B6118B00002BDEF /* LMRefreshHeader.swift */ = {isa = PBXFileReference; fileEncoding = 4; lastKnownFileType = sourcecode.swift; path = LMRefreshHeader.swift; sourceTree = "<group>"; };
		DD9CC6481B6118C70002BDEF /* LMRefreshFooter.swift */ = {isa = PBXFileReference; fileEncoding = 4; lastKnownFileType = sourcecode.swift; path = LMRefreshFooter.swift; sourceTree = "<group>"; };
		DDCDECAC1B67AEB80034880B /* down@2x.png */ = {isa = PBXFileReference; lastKnownFileType = image.png; path = "down@2x.png"; sourceTree = "<group>"; };
/* End PBXFileReference section */

/* Begin PBXFrameworksBuildPhase section */
		DD9CC6191B6117720002BDEF /* Frameworks */ = {
			isa = PBXFrameworksBuildPhase;
			buildActionMask = 2147483647;
			files = (
			);
			runOnlyForDeploymentPostprocessing = 0;
		};
		DD9CC62E1B6117720002BDEF /* Frameworks */ = {
			isa = PBXFrameworksBuildPhase;
			buildActionMask = 2147483647;
			files = (
			);
			runOnlyForDeploymentPostprocessing = 0;
		};
/* End PBXFrameworksBuildPhase section */

/* Begin PBXGroup section */
		DD9CC6131B6117720002BDEF = {
			isa = PBXGroup;
			children = (
				DD9CC61E1B6117720002BDEF /* LMRefresh */,
				DD9CC6341B6117720002BDEF /* LMRefreshTests */,
				DD9CC61D1B6117720002BDEF /* Products */,
			);
			sourceTree = "<group>";
		};
		DD9CC61D1B6117720002BDEF /* Products */ = {
			isa = PBXGroup;
			children = (
				DD9CC61C1B6117720002BDEF /* LMRefresh.app */,
				DD9CC6311B6117720002BDEF /* LMRefreshTests.xctest */,
			);
			name = Products;
			sourceTree = "<group>";
		};
		DD9CC61E1B6117720002BDEF /* LMRefresh */ = {
			isa = PBXGroup;
			children = (
				DD9CC6411B6117F60002BDEF /* LMRefresh */,
				DD9CC6211B6117720002BDEF /* AppDelegate.swift */,
				DD9CC6231B6117720002BDEF /* ViewController.swift */,
				DD9CC6251B6117720002BDEF /* Main.storyboard */,
				DD9CC6281B6117720002BDEF /* Images.xcassets */,
				DD9CC62A1B6117720002BDEF /* LaunchScreen.xib */,
				DD9CC61F1B6117720002BDEF /* Supporting Files */,
			);
			path = LMRefresh;
			sourceTree = "<group>";
		};
		DD9CC61F1B6117720002BDEF /* Supporting Files */ = {
			isa = PBXGroup;
			children = (
				DD9CC6201B6117720002BDEF /* Info.plist */,
			);
			name = "Supporting Files";
			sourceTree = "<group>";
		};
		DD9CC6341B6117720002BDEF /* LMRefreshTests */ = {
			isa = PBXGroup;
			children = (
				DD9CC6371B6117720002BDEF /* LMRefreshTests.swift */,
				DD9CC6351B6117720002BDEF /* Supporting Files */,
			);
			path = LMRefreshTests;
			sourceTree = "<group>";
		};
		DD9CC6351B6117720002BDEF /* Supporting Files */ = {
			isa = PBXGroup;
			children = (
				DD9CC6361B6117720002BDEF /* Info.plist */,
			);
			name = "Supporting Files";
			sourceTree = "<group>";
		};
		DD9CC6411B6117F60002BDEF /* LMRefresh */ = {
			isa = PBXGroup;
			children = (
				DDCDECAC1B67AEB80034880B /* down@2x.png */,
				DD9CC6461B6118B00002BDEF /* LMRefreshHeader.swift */,
				DD9CC6481B6118C70002BDEF /* LMRefreshFooter.swift */,
			);
			name = LMRefresh;
			sourceTree = "<group>";
		};
/* End PBXGroup section */

/* Begin PBXNativeTarget section */
		DD9CC61B1B6117720002BDEF /* LMRefresh */ = {
			isa = PBXNativeTarget;
			buildConfigurationList = DD9CC63B1B6117720002BDEF /* Build configuration list for PBXNativeTarget "LMRefresh" */;
			buildPhases = (
				DD9CC6181B6117720002BDEF /* Sources */,
				DD9CC6191B6117720002BDEF /* Frameworks */,
				DD9CC61A1B6117720002BDEF /* Resources */,
			);
			buildRules = (
			);
			dependencies = (
			);
			name = LMRefresh;
			productName = LMRefresh;
			productReference = DD9CC61C1B6117720002BDEF /* LMRefresh.app */;
			productType = "com.apple.product-type.application";
		};
		DD9CC6301B6117720002BDEF /* LMRefreshTests */ = {
			isa = PBXNativeTarget;
			buildConfigurationList = DD9CC63E1B6117720002BDEF /* Build configuration list for PBXNativeTarget "LMRefreshTests" */;
			buildPhases = (
				DD9CC62D1B6117720002BDEF /* Sources */,
				DD9CC62E1B6117720002BDEF /* Frameworks */,
				DD9CC62F1B6117720002BDEF /* Resources */,
			);
			buildRules = (
			);
			dependencies = (
				DD9CC6331B6117720002BDEF /* PBXTargetDependency */,
			);
			name = LMRefreshTests;
			productName = LMRefreshTests;
			productReference = DD9CC6311B6117720002BDEF /* LMRefreshTests.xctest */;
			productType = "com.apple.product-type.bundle.unit-test";
		};
/* End PBXNativeTarget section */

/* Begin PBXProject section */
		DD9CC6141B6117720002BDEF /* Project object */ = {
			isa = PBXProject;
			attributes = {
				LastSwiftMigration = 0720;
				LastSwiftUpdateCheck = 0720;
				LastUpgradeCheck = 0720;
				ORGANIZATIONNAME = Ming;
				TargetAttributes = {
					DD9CC61B1B6117720002BDEF = {
						CreatedOnToolsVersion = 6.4;
					};
					DD9CC6301B6117720002BDEF = {
						CreatedOnToolsVersion = 6.4;
						TestTargetID = DD9CC61B1B6117720002BDEF;
					};
				};
			};
			buildConfigurationList = DD9CC6171B6117720002BDEF /* Build configuration list for PBXProject "LMRefresh" */;
			compatibilityVersion = "Xcode 3.2";
			developmentRegion = English;
			hasScannedForEncodings = 0;
			knownRegions = (
				en,
				Base,
			);
			mainGroup = DD9CC6131B6117720002BDEF;
			productRefGroup = DD9CC61D1B6117720002BDEF /* Products */;
			projectDirPath = "";
			projectRoot = "";
			targets = (
				DD9CC61B1B6117720002BDEF /* LMRefresh */,
				DD9CC6301B6117720002BDEF /* LMRefreshTests */,
			);
		};
/* End PBXProject section */

/* Begin PBXResourcesBuildPhase section */
		DD9CC61A1B6117720002BDEF /* Resources */ = {
			isa = PBXResourcesBuildPhase;
			buildActionMask = 2147483647;
			files = (
				DDCDECAD1B67AEB80034880B /* down@2x.png in Resources */,
				DD9CC6271B6117720002BDEF /* Main.storyboard in Resources */,
				DD9CC62C1B6117720002BDEF /* LaunchScreen.xib in Resources */,
				DD9CC6291B6117720002BDEF /* Images.xcassets in Resources */,
			);
			runOnlyForDeploymentPostprocessing = 0;
		};
		DD9CC62F1B6117720002BDEF /* Resources */ = {
			isa = PBXResourcesBuildPhase;
			buildActionMask = 2147483647;
			files = (
			);
			runOnlyForDeploymentPostprocessing = 0;
		};
/* End PBXResourcesBuildPhase section */

/* Begin PBXSourcesBuildPhase section */
		DD9CC6181B6117720002BDEF /* Sources */ = {
			isa = PBXSourcesBuildPhase;
			buildActionMask = 2147483647;
			files = (
				DD9CC6471B6118B00002BDEF /* LMRefreshHeader.swift in Sources */,
				DD9CC6241B6117720002BDEF /* ViewController.swift in Sources */,
				DD9CC6221B6117720002BDEF /* AppDelegate.swift in Sources */,
				DD9CC6491B6118C70002BDEF /* LMRefreshFooter.swift in Sources */,
			);
			runOnlyForDeploymentPostprocessing = 0;
		};
		DD9CC62D1B6117720002BDEF /* Sources */ = {
			isa = PBXSourcesBuildPhase;
			buildActionMask = 2147483647;
			files = (
				DD9CC6381B6117720002BDEF /* LMRefreshTests.swift in Sources */,
			);
			runOnlyForDeploymentPostprocessing = 0;
		};
/* End PBXSourcesBuildPhase section */

/* Begin PBXTargetDependency section */
		DD9CC6331B6117720002BDEF /* PBXTargetDependency */ = {
			isa = PBXTargetDependency;
			target = DD9CC61B1B6117720002BDEF /* LMRefresh */;
			targetProxy = DD9CC6321B6117720002BDEF /* PBXContainerItemProxy */;
		};
/* End PBXTargetDependency section */

/* Begin PBXVariantGroup section */
		DD9CC6251B6117720002BDEF /* Main.storyboard */ = {
			isa = PBXVariantGroup;
			children = (
				DD9CC6261B6117720002BDEF /* Base */,
			);
			name = Main.storyboard;
			sourceTree = "<group>";
		};
		DD9CC62A1B6117720002BDEF /* LaunchScreen.xib */ = {
			isa = PBXVariantGroup;
			children = (
				DD9CC62B1B6117720002BDEF /* Base */,
			);
			name = LaunchScreen.xib;
			sourceTree = "<group>";
		};
/* End PBXVariantGroup section */

/* Begin XCBuildConfiguration section */
		DD9CC6391B6117720002BDEF /* Debug */ = {
			isa = XCBuildConfiguration;
			buildSettings = {
				ALWAYS_SEARCH_USER_PATHS = NO;
				CLANG_CXX_LANGUAGE_STANDARD = "gnu++0x";
				CLANG_CXX_LIBRARY = "libc++";
				CLANG_ENABLE_MODULES = YES;
				CLANG_ENABLE_OBJC_ARC = YES;
				CLANG_WARN_BOOL_CONVERSION = YES;
				CLANG_WARN_CONSTANT_CONVERSION = YES;
				CLANG_WARN_DIRECT_OBJC_ISA_USAGE = YES_ERROR;
				CLANG_WARN_EMPTY_BODY = YES;
				CLANG_WARN_ENUM_CONVERSION = YES;
				CLANG_WARN_INT_CONVERSION = YES;
				CLANG_WARN_OBJC_ROOT_CLASS = YES_ERROR;
				CLANG_WARN_UNREACHABLE_CODE = YES;
				CLANG_WARN__DUPLICATE_METHOD_MATCH = YES;
				"CODE_SIGN_IDENTITY[sdk=iphoneos*]" = "iPhone Developer";
				COPY_PHASE_STRIP = NO;
				DEBUG_INFORMATION_FORMAT = "dwarf-with-dsym";
				ENABLE_STRICT_OBJC_MSGSEND = YES;
				ENABLE_TESTABILITY = YES;
				GCC_C_LANGUAGE_STANDARD = gnu99;
				GCC_DYNAMIC_NO_PIC = NO;
				GCC_NO_COMMON_BLOCKS = YES;
				GCC_OPTIMIZATION_LEVEL = 0;
				GCC_PREPROCESSOR_DEFINITIONS = (
					"DEBUG=1",
					"$(inherited)",
				);
				GCC_SYMBOLS_PRIVATE_EXTERN = NO;
				GCC_WARN_64_TO_32_BIT_CONVERSION = YES;
				GCC_WARN_ABOUT_RETURN_TYPE = YES_ERROR;
				GCC_WARN_UNDECLARED_SELECTOR = YES;
				GCC_WARN_UNINITIALIZED_AUTOS = YES_AGGRESSIVE;
				GCC_WARN_UNUSED_FUNCTION = YES;
				GCC_WARN_UNUSED_VARIABLE = YES;
				IPHONEOS_DEPLOYMENT_TARGET = 8.4;
				MTL_ENABLE_DEBUG_INFO = YES;
				ONLY_ACTIVE_ARCH = YES;
				SDKROOT = iphoneos;
				SWIFT_OPTIMIZATION_LEVEL = "-Onone";
			};
			name = Debug;
		};
		DD9CC63A1B6117720002BDEF /* Release */ = {
			isa = XCBuildConfiguration;
			buildSettings = {
				ALWAYS_SEARCH_USER_PATHS = NO;
				CLANG_CXX_LANGUAGE_STANDARD = "gnu++0x";
				CLANG_CXX_LIBRARY = "libc++";
				CLANG_ENABLE_MODULES = YES;
				CLANG_ENABLE_OBJC_ARC = YES;
				CLANG_WARN_BOOL_CONVERSION = YES;
				CLANG_WARN_CONSTANT_CONVERSION = YES;
				CLANG_WARN_DIRECT_OBJC_ISA_USAGE = YES_ERROR;
				CLANG_WARN_EMPTY_BODY = YES;
				CLANG_WARN_ENUM_CONVERSION = YES;
				CLANG_WARN_INT_CONVERSION = YES;
				CLANG_WARN_OBJC_ROOT_CLASS = YES_ERROR;
				CLANG_WARN_UNREACHABLE_CODE = YES;
				CLANG_WARN__DUPLICATE_METHOD_MATCH = YES;
				"CODE_SIGN_IDENTITY[sdk=iphoneos*]" = "iPhone Developer";
				COPY_PHASE_STRIP = NO;
				DEBUG_INFORMATION_FORMAT = "dwarf-with-dsym";
				ENABLE_NS_ASSERTIONS = NO;
				ENABLE_STRICT_OBJC_MSGSEND = YES;
				GCC_C_LANGUAGE_STANDARD = gnu99;
				GCC_NO_COMMON_BLOCKS = YES;
				GCC_WARN_64_TO_32_BIT_CONVERSION = YES;
				GCC_WARN_ABOUT_RETURN_TYPE = YES_ERROR;
				GCC_WARN_UNDECLARED_SELECTOR = YES;
				GCC_WARN_UNINITIALIZED_AUTOS = YES_AGGRESSIVE;
				GCC_WARN_UNUSED_FUNCTION = YES;
				GCC_WARN_UNUSED_VARIABLE = YES;
				IPHONEOS_DEPLOYMENT_TARGET = 8.4;
				MTL_ENABLE_DEBUG_INFO = NO;
				SDKROOT = iphoneos;
				VALIDATE_PRODUCT = YES;
			};
			name = Release;
		};
		DD9CC63C1B6117720002BDEF /* Debug */ = {
			isa = XCBuildConfiguration;
			buildSettings = {
				ASSETCATALOG_COMPILER_APPICON_NAME = AppIcon;
				INFOPLIST_FILE = LMRefresh/Info.plist;
				LD_RUNPATH_SEARCH_PATHS = "$(inherited) @executable_path/Frameworks";
				PRODUCT_BUNDLE_IDENTIFIER = "Trident.$(PRODUCT_NAME:rfc1034identifier)";
				PRODUCT_NAME = "$(TARGET_NAME)";
			};
			name = Debug;
		};
		DD9CC63D1B6117720002BDEF /* Release */ = {
			isa = XCBuildConfiguration;
			buildSettings = {
				ASSETCATALOG_COMPILER_APPICON_NAME = AppIcon;
				INFOPLIST_FILE = LMRefresh/Info.plist;
				LD_RUNPATH_SEARCH_PATHS = "$(inherited) @executable_path/Frameworks";
				PRODUCT_BUNDLE_IDENTIFIER = "Trident.$(PRODUCT_NAME:rfc1034identifier)";
				PRODUCT_NAME = "$(TARGET_NAME)";
			};
			name = Release;
		};
		DD9CC63F1B6117720002BDEF /* Debug */ = {
			isa = XCBuildConfiguration;
			buildSettings = {
				BUNDLE_LOADER = "$(TEST_HOST)";
				FRAMEWORK_SEARCH_PATHS = (
					"$(SDKROOT)/Developer/Library/Frameworks",
					"$(inherited)",
				);
				GCC_PREPROCESSOR_DEFINITIONS = (
					"DEBUG=1",
					"$(inherited)",
				);
				INFOPLIST_FILE = LMRefreshTests/Info.plist;
				LD_RUNPATH_SEARCH_PATHS = "$(inherited) @executable_path/Frameworks @loader_path/Frameworks";
				PRODUCT_BUNDLE_IDENTIFIER = "Trident.$(PRODUCT_NAME:rfc1034identifier)";
				PRODUCT_NAME = "$(TARGET_NAME)";
				TEST_HOST = "$(BUILT_PRODUCTS_DIR)/LMRefresh.app/LMRefresh";
			};
			name = Debug;
		};
		DD9CC6401B6117720002BDEF /* Release */ = {
			isa = XCBuildConfiguration;
			buildSettings = {
				BUNDLE_LOADER = "$(TEST_HOST)";
				FRAMEWORK_SEARCH_PATHS = (
					"$(SDKROOT)/Developer/Library/Frameworks",
					"$(inherited)",
				);
				INFOPLIST_FILE = LMRefreshTests/Info.plist;
				LD_RUNPATH_SEARCH_PATHS = "$(inherited) @executable_path/Frameworks @loader_path/Frameworks";
				PRODUCT_BUNDLE_IDENTIFIER = "Trident.$(PRODUCT_NAME:rfc1034identifier)";
				PRODUCT_NAME = "$(TARGET_NAME)";
				TEST_HOST = "$(BUILT_PRODUCTS_DIR)/LMRefresh.app/LMRefresh";
			};
			name = Release;
		};
/* End XCBuildConfiguration section */

/* Begin XCConfigurationList section */
		DD9CC6171B6117720002BDEF /* Build configuration list for PBXProject "LMRefresh" */ = {
			isa = XCConfigurationList;
			buildConfigurations = (
				DD9CC6391B6117720002BDEF /* Debug */,
				DD9CC63A1B6117720002BDEF /* Release */,
			);
			defaultConfigurationIsVisible = 0;
			defaultConfigurationName = Release;
		};
		DD9CC63B1B6117720002BDEF /* Build configuration list for PBXNativeTarget "LMRefresh" */ = {
			isa = XCConfigurationList;
			buildConfigurations = (
				DD9CC63C1B6117720002BDEF /* Debug */,
				DD9CC63D1B6117720002BDEF /* Release */,
			);
			defaultConfigurationIsVisible = 0;
			defaultConfigurationName = Release;
		};
		DD9CC63E1B6117720002BDEF /* Build configuration list for PBXNativeTarget "LMRefreshTests" */ = {
			isa = XCConfigurationList;
			buildConfigurations = (
				DD9CC63F1B6117720002BDEF /* Debug */,
				DD9CC6401B6117720002BDEF /* Release */,
			);
			defaultConfigurationIsVisible = 0;
			defaultConfigurationName = Release;
		};
/* End XCConfigurationList section */
	};
	rootObject = DD9CC6141B6117720002BDEF /* Project object */;
}
